
Microsoft Visual Studio Solution File, Format Version 12.00
# Visual Studio 2012
Project("{FAE04EC0-301F-11D3-BF4B-00C04F79EFBC}") = "UserApp", "UserApp\UserApp.csproj", "{A8D89EE3-9B96-41FE-A86E-69F58910D0A3}"
EndProject
Project("{FAE04EC0-301F-11D3-BF4B-00C04F79EFBC}") = "UserApp.Tests", "UserApp.Tests\UserApp.Tests.csproj", "{CAC4715F-C07D-427F-9064-B0AA045079D5}"
EndProject
Global
	GlobalSection(SolutionConfigurationPlatforms) = preSolution
		Debug|Any CPU = Debug|Any CPU
		Release|Any CPU = Release|Any CPU
	EndGlobalSection
	GlobalSection(ProjectConfigurationPlatforms) = postSolution
		{A8D89EE3-9B96-41FE-A86E-69F58910D0A3}.Debug|Any CPU.ActiveCfg = Debug|Any CPU
		{A8D89EE3-9B96-41FE-A86E-69F58910D0A3}.Debug|Any CPU.Build.0 = Debug|Any CPU
		{A8D89EE3-9B96-41FE-A86E-69F58910D0A3}.Release|Any CPU.ActiveCfg = Release|Any CPU
		{A8D89EE3-9B96-41FE-A86E-69F58910D0A3}.Release|Any CPU.Build.0 = Release|Any CPU
		{CAC4715F-C07D-427F-9064-B0AA045079D5}.Debug|Any CPU.ActiveCfg = Debug|Any CPU
		{CAC4715F-C07D-427F-9064-B0AA045079D5}.Debug|Any CPU.Build.0 = Debug|Any CPU
		{CAC4715F-C07D-427F-9064-B0AA045079D5}.Release|Any CPU.ActiveCfg = Release|Any CPU
		{CAC4715F-C07D-427F-9064-B0AA045079D5}.Release|Any CPU.Build.0 = Release|Any CPU
	EndGlobalSection
	GlobalSection(SolutionProperties) = preSolution
		HideSolutionNode = FALSE
	EndGlobalSection
EndGlobal
